PODS:
  - Armchair (0.3.7)
  - CHCSVParser (2.1.0)
  - Flurry-iOS-SDK/CrashReporter (12.1.1)
  - Flurry-iOS-SDK/FlurrySDK (12.1.1):
    - Flurry-iOS-SDK/CrashReporter
  - GoogleMaps (7.1.0):
    - GoogleMaps/Maps (= 7.1.0)
  - GoogleMaps/Base (7.1.0)
  - GoogleMaps/Maps (7.1.0):
    - GoogleMaps/Base

DEPENDENCIES:
  - Armchair (>= 0.3)
  - CHCSVParser
  - Flurry-iOS-SDK/FlurrySDK
  - GoogleMaps

SPEC REPOS:
  https://github.com/CocoaPods/Specs.git:
    - Armchair
    - CHCSVParser
    - Flurry-iOS-SDK
    - GoogleMaps

SPEC CHECKSUMS:
  Armchair: ea2da13f78515da627bd63d9540bd58a50e71562
  CHCSVParser: 3bcc7bdb72111a31222e95d57eacceefe4e537e8
  Flurry-iOS-SDK: 2ae2391515ae3248a63e95a397c1b393ae52b3a9
  GoogleMaps: bc56ffb0324e345a2d91bac1a64a920f9c8f1b20

PODFILE CHECKSUM: 19ad1230cebe2eb3b145b952512054697dd5afe8

COCOAPODS: 1.11.2
