PODS:
  - Flurry-iOS-SDK/FlurrySDK (9.3.0)
  - GenericJSON (1.1.0)
  - GoogleMaps (2.7.0):
    - GoogleMaps/Maps (= 2.7.0)
  - GoogleMaps/Base (2.7.0)
  - GoogleMaps/Maps (2.7.0):
    - GoogleMaps/Base
  - KeychainSwift (13.0.0)

DEPENDENCIES:
  - Flurry-iOS-SDK/FlurrySDK
  - GenericJSON (from `https://github.com/roznet/generic-json-swift.git`)
  - GoogleMaps
  - KeychainSwift

EXTERNAL SOURCES:
  GenericJSON:
    :git: https://github.com/roznet/generic-json-swift.git

CHECKOUT OPTIONS:
  GenericJSON:
    :commit: 976593ba19df5b93a7e7514b877f8da645c823d9
    :git: https://github.com/roznet/generic-json-swift.git

SPEC CHECKSUMS:
  Flurry-iOS-SDK: 43afe11656872692de232f580ef0a8a68b0b47c9
  GenericJSON: ed952352821dae43f2e7d928512f3529424f576a
  GoogleMaps: f79af95cb24d869457b1f961c93d3ce8b2f3b848
  KeychainSwift: 23d6c16cbc33f20fafa30c3d783241b4b87d998c

PODFILE CHECKSUM: a3a7c4d488f05292f325322caca9983ee723090a

COCOAPODS: 1.4.0
