{
  "object": {
    "pins": [
      {
        "package": "FitFileparser",
        "repositoryURL": "https://github.com/roznet/FitFileParser.git",
        "state": {
          "branch": "main",
          "revision": "832ee5523a0305e1dc7d3ad887daed77ed5a22e3",
          "version": null
        }
      }
    ]
  },
  "version": 1
}
